// !$*UTF8*$!
{
	archiveVersion = 1;
	classes = {
	};
	objectVersion = 46;
	objects = {

/* Begin PBXBuildFile section */
		902A45581DFEF80F008D00C2 /* AppDelegate.swift in Sources */ = {isa = PBXBuildFile; fileRef = 902A45571DFEF80F008D00C2 /* AppDelegate.swift */; };
		902A455A1DFEF80F008D00C2 /* TravelLocationsMapViewController.swift in Sources */ = {isa = PBXBuildFile; fileRef = 902A45591DFEF80F008D00C2 /* TravelLocationsMapViewController.swift */; };
		902A455D1DFEF80F008D00C2 /* Main.storyboard in Resources */ = {isa = PBXBuildFile; fileRef = 902A455B1DFEF80F008D00C2 /* Main.storyboard */; };
		902A45601DFEF80F008D00C2 /* VirtualTourist.xcdatamodeld in Sources */ = {isa = PBXBuildFile; fileRef = 902A455E1DFEF80F008D00C2 /* VirtualTourist.xcdatamodeld */; };
		902A45621DFEF80F008D00C2 /* Assets.xcassets in Resources */ = {isa = PBXBuildFile; fileRef = 902A45611DFEF80F008D00C2 /* Assets.xcassets */; };
		902A45651DFEF80F008D00C2 /* LaunchScreen.storyboard in Resources */ = {isa = PBXBuildFile; fileRef = 902A45631DFEF80F008D00C2 /* LaunchScreen.storyboard */; };
		905B873F1DFF25400062B2F9 /* PhotoAlbumViewController.swift in Sources */ = {isa = PBXBuildFile; fileRef = 905B873E1DFF25400062B2F9 /* PhotoAlbumViewController.swift */; };
		905B87421DFF32250062B2F9 /* PhotoCollectionViewCell.swift in Sources */ = {isa = PBXBuildFile; fileRef = 905B87411DFF32250062B2F9 /* PhotoCollectionViewCell.swift */; };
		905B87441DFF39B40062B2F9 /* Constants.swift in Sources */ = {isa = PBXBuildFile; fileRef = 905B87431DFF39B40062B2F9 /* Constants.swift */; };
		905B87471DFF3CE80062B2F9 /* FlickrClient.swift in Sources */ = {isa = PBXBuildFile; fileRef = 905B87461DFF3CE80062B2F9 /* FlickrClient.swift */; };
		905B87491DFF3CF40062B2F9 /* FlickrConstants.swift in Sources */ = {isa = PBXBuildFile; fileRef = 905B87481DFF3CF40062B2F9 /* FlickrConstants.swift */; };
		905B874D1E0012900062B2F9 /* ApiKeys.plist in Resources */ = {isa = PBXBuildFile; fileRef = 905B874C1E0012900062B2F9 /* ApiKeys.plist */; };
		905B87501E0012CE0062B2F9 /* ApiKeys.swift in Sources */ = {isa = PBXBuildFile; fileRef = 905B874F1E0012CE0062B2F9 /* ApiKeys.swift */; };
		90949C121DFF0F3A00A2BEF1 /* MapKit.framework in Frameworks */ = {isa = PBXBuildFile; fileRef = 90949C111DFF0F3A00A2BEF1 /* MapKit.framework */; };
		90C9DFF21E00301D00F52F72 /* HTTPClient.swift in Sources */ = {isa = PBXBuildFile; fileRef = 90C9DFF11E00301D00F52F72 /* HTTPClient.swift */; };
/* End PBXBuildFile section */

/* Begin PBXFileReference section */
		902A45541DFEF80F008D00C2 /* VirtualTourist.app */ = {isa = PBXFileReference; explicitFileType = wrapper.application; includeInIndex = 0; path = VirtualTourist.app; sourceTree = BUILT_PRODUCTS_DIR; };
		902A45571DFEF80F008D00C2 /* AppDelegate.swift */ = {isa = PBXFileReference; lastKnownFileType = sourcecode.swift; path = AppDelegate.swift; sourceTree = "<group>"; };
		902A45591DFEF80F008D00C2 /* TravelLocationsMapViewController.swift */ = {isa = PBXFileReference; lastKnownFileType = sourcecode.swift; path = TravelLocationsMapViewController.swift; sourceTree = "<group>"; };
		902A455C1DFEF80F008D00C2 /* Base */ = {isa = PBXFileReference; lastKnownFileType = file.storyboard; name = Base; path = Base.lproj/Main.storyboard; sourceTree = "<group>"; };
		902A455F1DFEF80F008D00C2 /* VirtualTourist.xcdatamodel */ = {isa = PBXFileReference; lastKnownFileType = wrapper.xcdatamodel; path = VirtualTourist.xcdatamodel; sourceTree = "<group>"; };
		902A45611DFEF80F008D00C2 /* Assets.xcassets */ = {isa = PBXFileReference; lastKnownFileType = folder.assetcatalog; path = Assets.xcassets; sourceTree = "<group>"; };
		902A45641DFEF80F008D00C2 /* Base */ = {isa = PBXFileReference; lastKnownFileType = file.storyboard; name = Base; path = Base.lproj/LaunchScreen.storyboard; sourceTree = "<group>"; };
		902A45661DFEF80F008D00C2 /* Info.plist */ = {isa = PBXFileReference; lastKnownFileType = text.plist.xml; path = Info.plist; sourceTree = "<group>"; };
		905B873E1DFF25400062B2F9 /* PhotoAlbumViewController.swift */ = {isa = PBXFileReference; fileEncoding = 4; lastKnownFileType = sourcecode.swift; path = PhotoAlbumViewController.swift; sourceTree = "<group>"; };
		905B87411DFF32250062B2F9 /* PhotoCollectionViewCell.swift */ = {isa = PBXFileReference; fileEncoding = 4; lastKnownFileType = sourcecode.swift; path = PhotoCollectionViewCell.swift; sourceTree = "<group>"; };
		905B87431DFF39B40062B2F9 /* Constants.swift */ = {isa = PBXFileReference; fileEncoding = 4; lastKnownFileType = sourcecode.swift; path = Constants.swift; sourceTree = "<group>"; };
		905B87461DFF3CE80062B2F9 /* FlickrClient.swift */ = {isa = PBXFileReference; fileEncoding = 4; lastKnownFileType = sourcecode.swift; path = FlickrClient.swift; sourceTree = "<group>"; };
		905B87481DFF3CF40062B2F9 /* FlickrConstants.swift */ = {isa = PBXFileReference; fileEncoding = 4; lastKnownFileType = sourcecode.swift; path = FlickrConstants.swift; sourceTree = "<group>"; };
		905B874C1E0012900062B2F9 /* ApiKeys.plist */ = {isa = PBXFileReference; fileEncoding = 4; lastKnownFileType = text.plist.xml; path = ApiKeys.plist; sourceTree = "<group>"; };
		905B874F1E0012CE0062B2F9 /* ApiKeys.swift */ = {isa = PBXFileReference; fileEncoding = 4; lastKnownFileType = sourcecode.swift; path = ApiKeys.swift; sourceTree = "<group>"; };
		90949C111DFF0F3A00A2BEF1 /* MapKit.framework */ = {isa = PBXFileReference; lastKnownFileType = wrapper.framework; name = MapKit.framework; path = System/Library/Frameworks/MapKit.framework; sourceTree = SDKROOT; };
		90C9DFF11E00301D00F52F72 /* HTTPClient.swift */ = {isa = PBXFileReference; fileEncoding = 4; lastKnownFileType = sourcecode.swift; path = HTTPClient.swift; sourceTree = "<group>"; };
/* End PBXFileReference section */

/* Begin PBXFrameworksBuildPhase section */
		902A45511DFEF80F008D00C2 /* Frameworks */ = {
			isa = PBXFrameworksBuildPhase;
			buildActionMask = 2147483647;
			files = (
				90949C121DFF0F3A00A2BEF1 /* MapKit.framework in Frameworks */,
			);
			runOnlyForDeploymentPostprocessing = 0;
		};
/* End PBXFrameworksBuildPhase section */

/* Begin PBXGroup section */
		902A454B1DFEF80F008D00C2 = {
			isa = PBXGroup;
			children = (
				902A45561DFEF80F008D00C2 /* VirtualTourist */,
				905B873C1DFF147C0062B2F9 /* Assets */,
				902A45551DFEF80F008D00C2 /* Products */,
				90949C101DFF0F3A00A2BEF1 /* Frameworks */,
			);
			sourceTree = "<group>";
		};
		902A45551DFEF80F008D00C2 /* Products */ = {
			isa = PBXGroup;
			children = (
				902A45541DFEF80F008D00C2 /* VirtualTourist.app */,
			);
			name = Products;
			sourceTree = "<group>";
		};
		902A45561DFEF80F008D00C2 /* VirtualTourist */ = {
			isa = PBXGroup;
			children = (
				905B874E1E0012A10062B2F9 /* AppConstants */,
				905B873D1DFF15440062B2F9 /* Model */,
				905B87401DFF31FD0062B2F9 /* View */,
				905B873B1DFF14700062B2F9 /* Controller */,
				902A45571DFEF80F008D00C2 /* AppDelegate.swift */,
				902A45661DFEF80F008D00C2 /* Info.plist */,
			);
			path = VirtualTourist;
			sourceTree = "<group>";
		};
		905B873B1DFF14700062B2F9 /* Controller */ = {
			isa = PBXGroup;
			children = (
				902A45591DFEF80F008D00C2 /* TravelLocationsMapViewController.swift */,
				905B873E1DFF25400062B2F9 /* PhotoAlbumViewController.swift */,
			);
			name = Controller;
			sourceTree = "<group>";
		};
		905B873C1DFF147C0062B2F9 /* Assets */ = {
			isa = PBXGroup;
			children = (
				902A455B1DFEF80F008D00C2 /* Main.storyboard */,
				902A45611DFEF80F008D00C2 /* Assets.xcassets */,
				902A45631DFEF80F008D00C2 /* LaunchScreen.storyboard */,
			);
			name = Assets;
			path = VirtualTourist;
			sourceTree = "<group>";
		};
		905B873D1DFF15440062B2F9 /* Model */ = {
			isa = PBXGroup;
			children = (
				905B87451DFF3CDD0062B2F9 /* Clients */,
				902A455E1DFEF80F008D00C2 /* VirtualTourist.xcdatamodeld */,
			);
			name = Model;
			sourceTree = "<group>";
		};
		905B87401DFF31FD0062B2F9 /* View */ = {
			isa = PBXGroup;
			children = (
				905B87411DFF32250062B2F9 /* PhotoCollectionViewCell.swift */,
			);
			name = View;
			sourceTree = "<group>";
		};
		905B87451DFF3CDD0062B2F9 /* Clients */ = {
			isa = PBXGroup;
			children = (
				90C9DFF01E00300B00F52F72 /* Flickr */,
				90C9DFF11E00301D00F52F72 /* HTTPClient.swift */,
			);
			name = Clients;
			sourceTree = "<group>";
		};
		905B874E1E0012A10062B2F9 /* AppConstants */ = {
			isa = PBXGroup;
			children = (
				905B87431DFF39B40062B2F9 /* Constants.swift */,
				905B874C1E0012900062B2F9 /* ApiKeys.plist */,
				905B874F1E0012CE0062B2F9 /* ApiKeys.swift */,
			);
			name = AppConstants;
			sourceTree = "<group>";
		};
		90949C101DFF0F3A00A2BEF1 /* Frameworks */ = {
			isa = PBXGroup;
			children = (
				90949C111DFF0F3A00A2BEF1 /* MapKit.framework */,
			);
			name = Frameworks;
			sourceTree = "<group>";
		};
		90C9DFF01E00300B00F52F72 /* Flickr */ = {
			isa = PBXGroup;
			children = (
				905B87461DFF3CE80062B2F9 /* FlickrClient.swift */,
				905B87481DFF3CF40062B2F9 /* FlickrConstants.swift */,
			);
			name = Flickr;
			sourceTree = "<group>";
		};
/* End PBXGroup section */

/* Begin PBXNativeTarget section */
		902A45531DFEF80F008D00C2 /* VirtualTourist */ = {
			isa = PBXNativeTarget;
			buildConfigurationList = 902A45691DFEF80F008D00C2 /* Build configuration list for PBXNativeTarget "VirtualTourist" */;
			buildPhases = (
				902A45501DFEF80F008D00C2 /* Sources */,
				902A45511DFEF80F008D00C2 /* Frameworks */,
				902A45521DFEF80F008D00C2 /* Resources */,
			);
			buildRules = (
			);
			dependencies = (
			);
			name = VirtualTourist;
			productName = VirtualTourist;
			productReference = 902A45541DFEF80F008D00C2 /* VirtualTourist.app */;
			productType = "com.apple.product-type.application";
		};
/* End PBXNativeTarget section */

/* Begin PBXProject section */
		902A454C1DFEF80F008D00C2 /* Project object */ = {
			isa = PBXProject;
			attributes = {
				LastSwiftUpdateCheck = 0810;
				LastUpgradeCheck = 0810;
				ORGANIZATIONNAME = "André Brinkop";
				TargetAttributes = {
					902A45531DFEF80F008D00C2 = {
						CreatedOnToolsVersion = 8.1;
						DevelopmentTeam = J2YTLC2SAF;
						ProvisioningStyle = Automatic;
					};
				};
			};
			buildConfigurationList = 902A454F1DFEF80F008D00C2 /* Build configuration list for PBXProject "VirtualTourist" */;
			compatibilityVersion = "Xcode 3.2";
			developmentRegion = English;
			hasScannedForEncodings = 0;
			knownRegions = (
				en,
				Base,
			);
			mainGroup = 902A454B1DFEF80F008D00C2;
			productRefGroup = 902A45551DFEF80F008D00C2 /* Products */;
			projectDirPath = "";
			projectRoot = "";
			targets = (
				902A45531DFEF80F008D00C2 /* VirtualTourist */,
			);
		};
/* End PBXProject section */

/* Begin PBXResourcesBuildPhase section */
		902A45521DFEF80F008D00C2 /* Resources */ = {
			isa = PBXResourcesBuildPhase;
			buildActionMask = 2147483647;
			files = (
				902A45651DFEF80F008D00C2 /* LaunchScreen.storyboard in Resources */,
				905B874D1E0012900062B2F9 /* ApiKeys.plist in Resources */,
				902A45621DFEF80F008D00C2 /* Assets.xcassets in Resources */,
				902A455D1DFEF80F008D00C2 /* Main.storyboard in Resources */,
			);
			runOnlyForDeploymentPostprocessing = 0;
		};
/* End PBXResourcesBuildPhase section */

/* Begin PBXSourcesBuildPhase section */
		902A45501DFEF80F008D00C2 /* Sources */ = {
			isa = PBXSourcesBuildPhase;
			buildActionMask = 2147483647;
			files = (
				905B87491DFF3CF40062B2F9 /* FlickrConstants.swift in Sources */,
				902A455A1DFEF80F008D00C2 /* TravelLocationsMapViewController.swift in Sources */,
				905B87501E0012CE0062B2F9 /* ApiKeys.swift in Sources */,
				902A45581DFEF80F008D00C2 /* AppDelegate.swift in Sources */,
				905B87471DFF3CE80062B2F9 /* FlickrClient.swift in Sources */,
				905B87421DFF32250062B2F9 /* PhotoCollectionViewCell.swift in Sources */,
				90C9DFF21E00301D00F52F72 /* HTTPClient.swift in Sources */,
				902A45601DFEF80F008D00C2 /* VirtualTourist.xcdatamodeld in Sources */,
				905B873F1DFF25400062B2F9 /* PhotoAlbumViewController.swift in Sources */,
				905B87441DFF39B40062B2F9 /* Constants.swift in Sources */,
			);
			runOnlyForDeploymentPostprocessing = 0;
		};
/* End PBXSourcesBuildPhase section */

/* Begin PBXVariantGroup section */
		902A455B1DFEF80F008D00C2 /* Main.storyboard */ = {
			isa = PBXVariantGroup;
			children = (
				902A455C1DFEF80F008D00C2 /* Base */,
			);
			name = Main.storyboard;
			sourceTree = "<group>";
		};
		902A45631DFEF80F008D00C2 /* LaunchScreen.storyboard */ = {
			isa = PBXVariantGroup;
			children = (
				902A45641DFEF80F008D00C2 /* Base */,
			);
			name = LaunchScreen.storyboard;
			sourceTree = "<group>";
		};
/* End PBXVariantGroup section */

/* Begin XCBuildConfiguration section */
		902A45671DFEF80F008D00C2 /* Debug */ = {
			isa = XCBuildConfiguration;
			buildSettings = {
				ALWAYS_SEARCH_USER_PATHS = NO;
				CLANG_ANALYZER_NONNULL = YES;
				CLANG_CXX_LANGUAGE_STANDARD = "gnu++0x";
				CLANG_CXX_LIBRARY = "libc++";
				CLANG_ENABLE_MODULES = YES;
				CLANG_ENABLE_OBJC_ARC = YES;
				CLANG_WARN_BOOL_CONVERSION = YES;
				CLANG_WARN_CONSTANT_CONVERSION = YES;
				CLANG_WARN_DIRECT_OBJC_ISA_USAGE = YES_ERROR;
				CLANG_WARN_DOCUMENTATION_COMMENTS = YES;
				CLANG_WARN_EMPTY_BODY = YES;
				CLANG_WARN_ENUM_CONVERSION = YES;
				CLANG_WARN_INFINITE_RECURSION = YES;
				CLANG_WARN_INT_CONVERSION = YES;
				CLANG_WARN_OBJC_ROOT_CLASS = YES_ERROR;
				CLANG_WARN_SUSPICIOUS_MOVES = YES;
				CLANG_WARN_UNREACHABLE_CODE = YES;
				CLANG_WARN__DUPLICATE_METHOD_MATCH = YES;
				"CODE_SIGN_IDENTITY[sdk=iphoneos*]" = "iPhone Developer";
				COPY_PHASE_STRIP = NO;
				DEBUG_INFORMATION_FORMAT = dwarf;
				ENABLE_STRICT_OBJC_MSGSEND = YES;
				ENABLE_TESTABILITY = YES;
				GCC_C_LANGUAGE_STANDARD = gnu99;
				GCC_DYNAMIC_NO_PIC = NO;
				GCC_NO_COMMON_BLOCKS = YES;
				GCC_OPTIMIZATION_LEVEL = 0;
				GCC_PREPROCESSOR_DEFINITIONS = (
					"DEBUG=1",
					"$(inherited)",
				);
				GCC_WARN_64_TO_32_BIT_CONVERSION = YES;
				GCC_WARN_ABOUT_RETURN_TYPE = YES_ERROR;
				GCC_WARN_UNDECLARED_SELECTOR = YES;
				GCC_WARN_UNINITIALIZED_AUTOS = YES_AGGRESSIVE;
				GCC_WARN_UNUSED_FUNCTION = YES;
				GCC_WARN_UNUSED_VARIABLE = YES;
				IPHONEOS_DEPLOYMENT_TARGET = 10.1;
				MTL_ENABLE_DEBUG_INFO = YES;
				ONLY_ACTIVE_ARCH = YES;
				SDKROOT = iphoneos;
				SWIFT_ACTIVE_COMPILATION_CONDITIONS = DEBUG;
				SWIFT_OPTIMIZATION_LEVEL = "-Onone";
				TARGETED_DEVICE_FAMILY = "1,2";
			};
			name = Debug;
		};
		902A45681DFEF80F008D00C2 /* Release */ = {
			isa = XCBuildConfiguration;
			buildSettings = {
				ALWAYS_SEARCH_USER_PATHS = NO;
				CLANG_ANALYZER_NONNULL = YES;
				CLANG_CXX_LANGUAGE_STANDARD = "gnu++0x";
				CLANG_CXX_LIBRARY = "libc++";
				CLANG_ENABLE_MODULES = YES;
				CLANG_ENABLE_OBJC_ARC = YES;
				CLANG_WARN_BOOL_CONVERSION = YES;
				CLANG_WARN_CONSTANT_CONVERSION = YES;
				CLANG_WARN_DIRECT_OBJC_ISA_USAGE = YES_ERROR;
				CLANG_WARN_DOCUMENTATION_COMMENTS = YES;
				CLANG_WARN_EMPTY_BODY = YES;
				CLANG_WARN_ENUM_CONVERSION = YES;
				CLANG_WARN_INFINITE_RECURSION = YES;
				CLANG_WARN_INT_CONVERSION = YES;
				CLANG_WARN_OBJC_ROOT_CLASS = YES_ERROR;
				CLANG_WARN_SUSPICIOUS_MOVES = YES;
				CLANG_WARN_UNREACHABLE_CODE = YES;
				CLANG_WARN__DUPLICATE_METHOD_MATCH = YES;
				"CODE_SIGN_IDENTITY[sdk=iphoneos*]" = "iPhone Developer";
				COPY_PHASE_STRIP = NO;
				DEBUG_INFORMATION_FORMAT = "dwarf-with-dsym";
				ENABLE_NS_ASSERTIONS = NO;
				ENABLE_STRICT_OBJC_MSGSEND = YES;
				GCC_C_LANGUAGE_STANDARD = gnu99;
				GCC_NO_COMMON_BLOCKS = YES;
				GCC_WARN_64_TO_32_BIT_CONVERSION = YES;
				GCC_WARN_ABOUT_RETURN_TYPE = YES_ERROR;
				GCC_WARN_UNDECLARED_SELECTOR = YES;
				GCC_WARN_UNINITIALIZED_AUTOS = YES_AGGRESSIVE;
				GCC_WARN_UNUSED_FUNCTION = YES;
				GCC_WARN_UNUSED_VARIABLE = YES;
				IPHONEOS_DEPLOYMENT_TARGET = 10.1;
				MTL_ENABLE_DEBUG_INFO = NO;
				SDKROOT = iphoneos;
				SWIFT_OPTIMIZATION_LEVEL = "-Owholemodule";
				TARGETED_DEVICE_FAMILY = "1,2";
				VALIDATE_PRODUCT = YES;
			};
			name = Release;
		};
		902A456A1DFEF80F008D00C2 /* Debug */ = {
			isa = XCBuildConfiguration;
			buildSettings = {
				ASSETCATALOG_COMPILER_APPICON_NAME = AppIcon;
				DEVELOPMENT_TEAM = J2YTLC2SAF;
				INFOPLIST_FILE = VirtualTourist/Info.plist;
				IPHONEOS_DEPLOYMENT_TARGET = 10.0;
				LD_RUNPATH_SEARCH_PATHS = "$(inherited) @executable_path/Frameworks";
				PRODUCT_BUNDLE_IDENTIFIER = de.brinkop.andre.VirtualTourist;
				PRODUCT_NAME = "$(TARGET_NAME)";
				SWIFT_VERSION = 3.0;
			};
			name = Debug;
		};
		902A456B1DFEF80F008D00C2 /* Release */ = {
			isa = XCBuildConfiguration;
			buildSettings = {
				ASSETCATALOG_COMPILER_APPICON_NAME = AppIcon;
				DEVELOPMENT_TEAM = J2YTLC2SAF;
				INFOPLIST_FILE = VirtualTourist/Info.plist;
				IPHONEOS_DEPLOYMENT_TARGET = 10.0;
				LD_RUNPATH_SEARCH_PATHS = "$(inherited) @executable_path/Frameworks";
				PRODUCT_BUNDLE_IDENTIFIER = de.brinkop.andre.VirtualTourist;
				PRODUCT_NAME = "$(TARGET_NAME)";
				SWIFT_VERSION = 3.0;
			};
			name = Release;
		};
/* End XCBuildConfiguration section */

/* Begin XCConfigurationList section */
		902A454F1DFEF80F008D00C2 /* Build configuration list for PBXProject "VirtualTourist" */ = {
			isa = XCConfigurationList;
			buildConfigurations = (
				902A45671DFEF80F008D00C2 /* Debug */,
				902A45681DFEF80F008D00C2 /* Release */,
			);
			defaultConfigurationIsVisible = 0;
			defaultConfigurationName = Release;
		};
		902A45691DFEF80F008D00C2 /* Build configuration list for PBXNativeTarget "VirtualTourist" */ = {
			isa = XCConfigurationList;
			buildConfigurations = (
				902A456A1DFEF80F008D00C2 /* Debug */,
				902A456B1DFEF80F008D00C2 /* Release */,
			);
			defaultConfigurationIsVisible = 0;
			defaultConfigurationName = Release;
		};
/* End XCConfigurationList section */

/* Begin XCVersionGroup section */
		902A455E1DFEF80F008D00C2 /* VirtualTourist.xcdatamodeld */ = {
			isa = XCVersionGroup;
			children = (
				902A455F1DFEF80F008D00C2 /* VirtualTourist.xcdatamodel */,
			);
			currentVersion = 902A455F1DFEF80F008D00C2 /* VirtualTourist.xcdatamodel */;
			path = VirtualTourist.xcdatamodeld;
			sourceTree = "<group>";
			versionGroupType = wrapper.xcdatamodel;
		};
/* End XCVersionGroup section */
	};
	rootObject = 902A454C1DFEF80F008D00C2 /* Project object */;
}
